
Microsoft Visual Studio Solution File, Format Version 12.00
# Visual Studio Version 17
VisualStudioVersion = 17.9.34902.65
MinimumVisualStudioVersion = 10.0.40219.1
Project("{FAE04EC0-301F-11D3-BF4B-00C04F79EFBC}") = "Proyecto1.consulaEvaluacionRendimiento", "Proyecto1.consulaEvaluacionRendimiento\Proyecto1.consulaEvaluacionRendimiento.csproj", "{CA1A0BE6-3A76-4C35-A49C-7A73785190D5}"
EndProject
Global
	GlobalSection(SolutionConfigurationPlatforms) = preSolution
		Debug|Any CPU = Debug|Any CPU
		Release|Any CPU = Release|Any CPU
	EndGlobalSection
	GlobalSection(ProjectConfigurationPlatforms) = postSolution
		{CA1A0BE6-3A76-4C35-A49C-7A73785190D5}.Debug|Any CPU.ActiveCfg = Debug|Any CPU
		{CA1A0BE6-3A76-4C35-A49C-7A73785190D5}.Debug|Any CPU.Build.0 = Debug|Any CPU
		{CA1A0BE6-3A76-4C35-A49C-7A73785190D5}.Release|Any CPU.ActiveCfg = Release|Any CPU
		{CA1A0BE6-3A76-4C35-A49C-7A73785190D5}.Release|Any CPU.Build.0 = Release|Any CPU
	EndGlobalSection
	GlobalSection(SolutionProperties) = preSolution
		HideSolutionNode = FALSE
	EndGlobalSection
	GlobalSection(ExtensibilityGlobals) = postSolution
		SolutionGuid = {1C742FE9-4B62-416E-8FBB-72B6CBF3E3B2}
	EndGlobalSection
EndGlobal
